{
    "_meta": {
        "hash": {
            "sha256": "b845fa3362474fa4447c437675a10d0836c744341d7de3a6b8d91d65e74283a5"
        },
        "pipfile-spec": 6,
        "requires": {
            "python_version": "3.14"
        },
        "sources": [
            {
                "name": "pypi",
                "url": "https://pypi.org/simple",
                "verify_ssl": true
            }
        ]
    },
    "default": {
        "asgiref": {
            "hashes": [
                "sha256:59dcb51c272ad209d59bed5708a64a333083e86017d7fcdd67498eeab7784340",
                "sha256:fe386d1c2bff7259ea95929266d12a8cf9a8b5a1c2598402967d8792e7a7c094"
            ],
            "markers": "python_version >= '3.10'",
            "version": "==3.12.1"
        },
        "crispy-bootstrap4": {
            "hashes": [
                "sha256:4b2b99dfe3e3cacb548702159462110901bd38792b650b770e50c62284ac2227",
                "sha256:66f8f14bf9c2c16ed94243236ed253a94e5a625afa1ee64022ce29db98c6cd85"
            ],
            "index": "pypi",
            "markers": "python_version >= '3.10'",
            "version": "==2026.2"
        },
        "django": {
            "hashes": [
                "sha256:2998503fc083124fb58037084bfa00de323c7c743f05f1b4284e77bff0ab8890",
                "sha256:a037427c2288443a8c02a1b02295a31c239663aa682bc50b1976afb7cf6a769e"
            ],
            "index": "pypi",
            "markers": "python_version >= '3.12'",
            "version": "==6.0.7"
        },
        "django-crispy-forms": {
            "hashes": [
                "sha256:4921a1087c6cd4f9fa3c139654c1de1c1c385f8bd6729aaee530bc0121ab4b93",
                "sha256:8ee0ae28b6b0ac41ff48a65944480c049fe8d1b0047086874fd7efabf4ec1374"
            ],
            "index": "pypi",
            "markers": "python_version >= '3.10'",
            "version": "==2.6"
        },
        "sqlparse": {
            "hashes": [
                "sha256:12a08b3bf3eec877c519589833aed092e2444e68240a3577e8e26148acc7b1ba",
                "sha256:e20d4a9b0b8585fdf63b10d30066c7c94c5d7a7ec47c889a2d83a3caa93ff28e"
            ],
            "markers": "python_version >= '3.8'",
            "version": "==0.5.5"
        }
    },
    "develop": {}
}
