{
    "_meta": {
        "hash": {
            "sha256": "9aef0ac1323e1e4038de9a81ba5c44064edd616bf9eafe4942683114ca6d8fe7"
        },
        "pipfile-spec": 6,
        "requires": {
            "python_version": "3.14"
        },
        "sources": [
            {
                "name": "pypi",
                "url": "https://pypi.org/simple",
                "verify_ssl": true
            }
        ]
    },
    "default": {
        "asgiref": {
            "hashes": [
                "sha256:59dcb51c272ad209d59bed5708a64a333083e86017d7fcdd67498eeab7784340",
                "sha256:fe386d1c2bff7259ea95929266d12a8cf9a8b5a1c2598402967d8792e7a7c094"
            ],
            "markers": "python_version >= '3.10'",
            "version": "==3.12.1"
        },
        "django": {
            "hashes": [
                "sha256:2998503fc083124fb58037084bfa00de323c7c743f05f1b4284e77bff0ab8890",
                "sha256:a037427c2288443a8c02a1b02295a31c239663aa682bc50b1976afb7cf6a769e"
            ],
            "index": "pypi",
            "markers": "python_version >= '3.12'",
            "version": "==6.0.7"
        },
        "gunicorn": {
            "hashes": [
                "sha256:40233d26a5f0d1872916188c276e21641155111c2853f0c2cd55260aec0d24fc",
                "sha256:ca9346f85e3a4aeeb64d491045c16b9a35647abd37ea15efe53080eb8b090baf"
            ],
            "index": "pypi",
            "markers": "python_version >= '3.10'",
            "version": "==26.0.0"
        },
        "packaging": {
            "hashes": [
                "sha256:5fc45236b9446107ff2415ce77c807cee2862cb6fac22b8a73826d0693b0980e",
                "sha256:ff452ff5a3e828ce110190feff1178bb1f2ea2281fa2075aadb987c2fb221661"
            ],
            "markers": "python_version >= '3.8'",
            "version": "==26.2"
        },
        "sqlparse": {
            "hashes": [
                "sha256:12a08b3bf3eec877c519589833aed092e2444e68240a3577e8e26148acc7b1ba",
                "sha256:e20d4a9b0b8585fdf63b10d30066c7c94c5d7a7ec47c889a2d83a3caa93ff28e"
            ],
            "markers": "python_version >= '3.8'",
            "version": "==0.5.5"
        }
    },
    "develop": {}
}
